
Microsoft Visual Studio Solution File, Format Version 12.00
# Visual Studio Version 17
VisualStudioVersion = 17.3.32929.385
MinimumVisualStudioVersion = 10.0.40219.1
Project("{FAE04EC0-301F-11D3-BF4B-00C04F79EFBC}") = "Space Invasion", "Space Invasion\Space Invasion.csproj", "{1B49772A-6E22-413C-A4D4-F9B708ABF5B3}"
EndProject
Global
	GlobalSection(SolutionConfigurationPlatforms) = preSolution
		Debug|Any CPU = Debug|Any CPU
		Release|Any CPU = Release|Any CPU
	EndGlobalSection
	GlobalSection(ProjectConfigurationPlatforms) = postSolution
		{1B49772A-6E22-413C-A4D4-F9B708ABF5B3}.Debug|Any CPU.ActiveCfg = Debug|Any CPU
		{1B49772A-6E22-413C-A4D4-F9B708ABF5B3}.Debug|Any CPU.Build.0 = Debug|Any CPU
		{1B49772A-6E22-413C-A4D4-F9B708ABF5B3}.Release|Any CPU.ActiveCfg = Release|Any CPU
		{1B49772A-6E22-413C-A4D4-F9B708ABF5B3}.Release|Any CPU.Build.0 = Release|Any CPU
	EndGlobalSection
	GlobalSection(SolutionProperties) = preSolution
		HideSolutionNode = FALSE
	EndGlobalSection
	GlobalSection(ExtensibilityGlobals) = postSolution
		SolutionGuid = {E4662FE6-F359-418D-9D46-10B1B60FC789}
	EndGlobalSection
EndGlobal
